
Microsoft Visual Studio Solution File, Format Version 12.00
# Visual Studio Version 16
VisualStudioVersion = 16.0.29709.97
MinimumVisualStudioVersion = 10.0.40219.1
Project("{FAE04EC0-301F-11D3-BF4B-00C04F79EFBC}") = "Chemistry", "Chemistry\Chemistry.csproj", "{2B25116B-8A77-4595-A6D3-53F0CD0699EC}"
EndProject
Global
	GlobalSection(SolutionConfigurationPlatforms) = preSolution
		Debug|Any CPU = Debug|Any CPU
		Release|Any CPU = Release|Any CPU
	EndGlobalSection
	GlobalSection(ProjectConfigurationPlatforms) = postSolution
		{2B25116B-8A77-4595-A6D3-53F0CD0699EC}.Debug|Any CPU.ActiveCfg = Debug|Any CPU
		{2B25116B-8A77-4595-A6D3-53F0CD0699EC}.Debug|Any CPU.Build.0 = Debug|Any CPU
		{2B25116B-8A77-4595-A6D3-53F0CD0699EC}.Release|Any CPU.ActiveCfg = Release|Any CPU
		{2B25116B-8A77-4595-A6D3-53F0CD0699EC}.Release|Any CPU.Build.0 = Release|Any CPU
	EndGlobalSection
	GlobalSection(SolutionProperties) = preSolution
		HideSolutionNode = FALSE
	EndGlobalSection
	GlobalSection(ExtensibilityGlobals) = postSolution
		SolutionGuid = {5422A114-1D45-40F7-8229-97CE5A30D02E}
	EndGlobalSection
EndGlobal
